
Microsoft Visual Studio Solution File, Format Version 12.00
# Visual Studio Version 16
VisualStudioVersion = 16.0.31410.357
MinimumVisualStudioVersion = 10.0.40219.1
Project("{FAE04EC0-301F-11D3-BF4B-00C04F79EFBC}") = "Yemek_Tarifleri_Sitem", "Yemek_Tarifleri_Sitem\Yemek_Tarifleri_Sitem.csproj", "{3A1F58FB-CFA0-42A8-BE8B-383D791E6376}"
EndProject
Global
	GlobalSection(SolutionConfigurationPlatforms) = preSolution
		Debug|Any CPU = Debug|Any CPU
		Release|Any CPU = Release|Any CPU
	EndGlobalSection
	GlobalSection(ProjectConfigurationPlatforms) = postSolution
		{3A1F58FB-CFA0-42A8-BE8B-383D791E6376}.Debug|Any CPU.ActiveCfg = Debug|Any CPU
		{3A1F58FB-CFA0-42A8-BE8B-383D791E6376}.Debug|Any CPU.Build.0 = Debug|Any CPU
		{3A1F58FB-CFA0-42A8-BE8B-383D791E6376}.Release|Any CPU.ActiveCfg = Release|Any CPU
		{3A1F58FB-CFA0-42A8-BE8B-383D791E6376}.Release|Any CPU.Build.0 = Release|Any CPU
	EndGlobalSection
	GlobalSection(SolutionProperties) = preSolution
		HideSolutionNode = FALSE
	EndGlobalSection
	GlobalSection(ExtensibilityGlobals) = postSolution
		SolutionGuid = {A195BC71-2293-40F4-A2AE-6C45FBC20C40}
	EndGlobalSection
EndGlobal
